
Microsoft Visual Studio Solution File, Format Version 12.00
# Visual Studio Version 17
VisualStudioVersion = 17.3.32929.385
MinimumVisualStudioVersion = 10.0.40219.1
Project("{FAE04EC0-301F-11D3-BF4B-00C04F79EFBC}") = "ServiceWrapperEntry", "ServiceWrapperEntry\ServiceWrapperEntry.csproj", "{8FF781CB-5C33-4C3F-872D-1FE0E114A8D0}"
EndProject
Global
	GlobalSection(SolutionConfigurationPlatforms) = preSolution
		Debug|x64 = Debug|x64
		Release|x64 = Release|x64
	EndGlobalSection
	GlobalSection(ProjectConfigurationPlatforms) = postSolution
		{8FF781CB-5C33-4C3F-872D-1FE0E114A8D0}.Debug|x64.ActiveCfg = Debug|x64
		{8FF781CB-5C33-4C3F-872D-1FE0E114A8D0}.Debug|x64.Build.0 = Debug|x64
		{8FF781CB-5C33-4C3F-872D-1FE0E114A8D0}.Release|x64.ActiveCfg = Release|x64
		{8FF781CB-5C33-4C3F-872D-1FE0E114A8D0}.Release|x64.Build.0 = Release|x64
	EndGlobalSection
	GlobalSection(SolutionProperties) = preSolution
		HideSolutionNode = FALSE
	EndGlobalSection
	GlobalSection(ExtensibilityGlobals) = postSolution
		SolutionGuid = {F3EC44B3-E8DF-40FA-ABEB-9F5BAC89A723}
	EndGlobalSection
EndGlobal
